
Microsoft Visual Studio Solution File, Format Version 12.00
# Visual Studio Version 16
VisualStudioVersion = 16.0.31129.286
MinimumVisualStudioVersion = 10.0.40219.1
Project("{FAE04EC0-301F-11D3-BF4B-00C04F79EFBC}") = "WebApplication1", "WebApplication1\WebApplication1.csproj", "{6E74432B-17B1-475F-B535-D0AABC36A65A}"
EndProject
Global
	GlobalSection(SolutionConfigurationPlatforms) = preSolution
		Debug|Any CPU = Debug|Any CPU
		Release|Any CPU = Release|Any CPU
	EndGlobalSection
	GlobalSection(ProjectConfigurationPlatforms) = postSolution
		{6E74432B-17B1-475F-B535-D0AABC36A65A}.Debug|Any CPU.ActiveCfg = Debug|Any CPU
		{6E74432B-17B1-475F-B535-D0AABC36A65A}.Debug|Any CPU.Build.0 = Debug|Any CPU
		{6E74432B-17B1-475F-B535-D0AABC36A65A}.Release|Any CPU.ActiveCfg = Release|Any CPU
		{6E74432B-17B1-475F-B535-D0AABC36A65A}.Release|Any CPU.Build.0 = Release|Any CPU
	EndGlobalSection
	GlobalSection(SolutionProperties) = preSolution
		HideSolutionNode = FALSE
	EndGlobalSection
	GlobalSection(ExtensibilityGlobals) = postSolution
		SolutionGuid = {BF457BBE-F930-4D49-B114-69FAC2527B96}
	EndGlobalSection
EndGlobal
